
Microsoft Visual Studio Solution File, Format Version 12.00
# Visual Studio Version 16
VisualStudioVersion = 16.0.30413.136
MinimumVisualStudioVersion = 10.0.40219.1
Project("{FAE04EC0-301F-11D3-BF4B-00C04F79EFBC}") = "Prova.WebUI", "WebApplication2\Prova.WebUI.csproj", "{84A7852F-2873-480D-8501-EA494AA460B2}"
EndProject
Project("{FAE04EC0-301F-11D3-BF4B-00C04F79EFBC}") = "db_Prova", "db_Prova\db_Prova.csproj", "{C75C70CC-9368-4B19-A23A-CE34CB2D8615}"
EndProject
Project("{FAE04EC0-301F-11D3-BF4B-00C04F79EFBC}") = "bus_Prova", "bus_Prova\bus_Prova.csproj", "{9E431BEC-6101-4206-A0D1-3DF614B00F1F}"
EndProject
Project("{FAE04EC0-301F-11D3-BF4B-00C04F79EFBC}") = "Dominio", "Dominio\Dominio.csproj", "{8ADAC1B6-62E1-4916-9EE0-22C4F5D379A3}"
EndProject
Global
	GlobalSection(SolutionConfigurationPlatforms) = preSolution
		Debug|Any CPU = Debug|Any CPU
		Release|Any CPU = Release|Any CPU
	EndGlobalSection
	GlobalSection(ProjectConfigurationPlatforms) = postSolution
		{84A7852F-2873-480D-8501-EA494AA460B2}.Debug|Any CPU.ActiveCfg = Debug|Any CPU
		{84A7852F-2873-480D-8501-EA494AA460B2}.Debug|Any CPU.Build.0 = Debug|Any CPU
		{84A7852F-2873-480D-8501-EA494AA460B2}.Release|Any CPU.ActiveCfg = Release|Any CPU
		{84A7852F-2873-480D-8501-EA494AA460B2}.Release|Any CPU.Build.0 = Release|Any CPU
		{C75C70CC-9368-4B19-A23A-CE34CB2D8615}.Debug|Any CPU.ActiveCfg = Debug|Any CPU
		{C75C70CC-9368-4B19-A23A-CE34CB2D8615}.Debug|Any CPU.Build.0 = Debug|Any CPU
		{C75C70CC-9368-4B19-A23A-CE34CB2D8615}.Release|Any CPU.ActiveCfg = Release|Any CPU
		{C75C70CC-9368-4B19-A23A-CE34CB2D8615}.Release|Any CPU.Build.0 = Release|Any CPU
		{9E431BEC-6101-4206-A0D1-3DF614B00F1F}.Debug|Any CPU.ActiveCfg = Debug|Any CPU
		{9E431BEC-6101-4206-A0D1-3DF614B00F1F}.Debug|Any CPU.Build.0 = Debug|Any CPU
		{9E431BEC-6101-4206-A0D1-3DF614B00F1F}.Release|Any CPU.ActiveCfg = Release|Any CPU
		{9E431BEC-6101-4206-A0D1-3DF614B00F1F}.Release|Any CPU.Build.0 = Release|Any CPU
		{8ADAC1B6-62E1-4916-9EE0-22C4F5D379A3}.Debug|Any CPU.ActiveCfg = Debug|Any CPU
		{8ADAC1B6-62E1-4916-9EE0-22C4F5D379A3}.Debug|Any CPU.Build.0 = Debug|Any CPU
		{8ADAC1B6-62E1-4916-9EE0-22C4F5D379A3}.Release|Any CPU.ActiveCfg = Release|Any CPU
		{8ADAC1B6-62E1-4916-9EE0-22C4F5D379A3}.Release|Any CPU.Build.0 = Release|Any CPU
	EndGlobalSection
	GlobalSection(SolutionProperties) = preSolution
		HideSolutionNode = FALSE
	EndGlobalSection
	GlobalSection(ExtensibilityGlobals) = postSolution
		SolutionGuid = {4537DEF1-5E13-4BEF-956A-A321CB27D4E3}
	EndGlobalSection
EndGlobal
